
Microsoft Visual Studio Solution File, Format Version 12.00
# Visual Studio Version 17
VisualStudioVersion = 17.2.32630.192
MinimumVisualStudioVersion = 10.0.40219.1
Project("{8BC9CEB8-8B4A-11D0-8D11-00A0C91BC942}") = "4-1", "4-1\4-1.vcxproj", "{F53659C6-C338-4092-B0BD-C74DEA5F7EC8}"
EndProject
Project("{8BC9CEB8-8B4A-11D0-8D11-00A0C91BC942}") = "4-2", "4-2\4-2.vcxproj", "{2ED2ED8D-0295-4FBB-B16C-B6D78BE7B0EC}"
EndProject
Project("{8BC9CEB8-8B4A-11D0-8D11-00A0C91BC942}") = "4-3", "4-3\4-3.vcxproj", "{F01786FF-AB60-4AC0-AEF2-8193FA641527}"
EndProject
Project("{8BC9CEB8-8B4A-11D0-8D11-00A0C91BC942}") = "0327", "0327\0327.vcxproj", "{ABC9EA20-7B4D-41BE-A420-C4056142F1D8}"
EndProject
Project("{8BC9CEB8-8B4A-11D0-8D11-00A0C91BC942}") = "4-4", "4-4\4-4.vcxproj", "{C22B7D67-2EF3-4E33-8BD8-544503F3C0E0}"
EndProject
Project("{8BC9CEB8-8B4A-11D0-8D11-00A0C91BC942}") = "4-5", "4-5\4-5.vcxproj", "{382D0E2E-2FA0-4C00-96FB-55E062719C13}"
EndProject
Project("{8BC9CEB8-8B4A-11D0-8D11-00A0C91BC942}") = "4-7", "4-7\4-7.vcxproj", "{190EEFC8-049B-48DF-9FF4-ACD97F47CBB9}"
EndProject
Project("{8BC9CEB8-8B4A-11D0-8D11-00A0C91BC942}") = "4-8", "4-8\4-8.vcxproj", "{B12D49BE-140E-4F0E-84F4-1FEF787CBB07}"
EndProject
Project("{8BC9CEB8-8B4A-11D0-8D11-00A0C91BC942}") = "4-9", "4-9\4-9.vcxproj", "{B33655FB-A733-4A0F-B4F2-E28918761BF3}"
EndProject
Project("{8BC9CEB8-8B4A-11D0-8D11-00A0C91BC942}") = "4-10", "4-10\4-10.vcxproj", "{C681C584-86E9-4135-BE9C-4EC9EC658AD8}"
EndProject
Project("{8BC9CEB8-8B4A-11D0-8D11-00A0C91BC942}") = "4-3-2", "4-3-2\4-3-2.vcxproj", "{75D102A0-0B4C-4DCD-8026-E5F6A19D265C}"
EndProject
Project("{8BC9CEB8-8B4A-11D0-8D11-00A0C91BC942}") = "4-6", "4-6\4-6.vcxproj", "{9E6EC085-D975-49BF-B11E-F459E927B57D}"
EndProject
Project("{8BC9CEB8-8B4A-11D0-8D11-00A0C91BC942}") = "4-11", "4-11\4-11.vcxproj", "{F92EC54E-2C33-4B14-B44E-10383EB028C5}"
EndProject
Project("{8BC9CEB8-8B4A-11D0-8D11-00A0C91BC942}") = "4-12", "4-12\4-12.vcxproj", "{DE952B17-FA44-414F-AE6F-0E29B56215F2}"
EndProject
Project("{8BC9CEB8-8B4A-11D0-8D11-00A0C91BC942}") = "4-13", "4-13\4-13.vcxproj", "{A8D9E613-E464-4F47-9E1E-3D771B1BE499}"
EndProject
Project("{8BC9CEB8-8B4A-11D0-8D11-00A0C91BC942}") = "4-14", "4-14\4-14.vcxproj", "{B3D93974-9097-49BF-9E70-BDE3BC5FC177}"
EndProject
Global
	GlobalSection(SolutionConfigurationPlatforms) = preSolution
		Debug|x64 = Debug|x64
		Debug|x86 = Debug|x86
		Release|x64 = Release|x64
		Release|x86 = Release|x86
	EndGlobalSection
	GlobalSection(ProjectConfigurationPlatforms) = postSolution
		{F53659C6-C338-4092-B0BD-C74DEA5F7EC8}.Debug|x64.ActiveCfg = Debug|x64
		{F53659C6-C338-4092-B0BD-C74DEA5F7EC8}.Debug|x64.Build.0 = Debug|x64
		{F53659C6-C338-4092-B0BD-C74DEA5F7EC8}.Debug|x86.ActiveCfg = Debug|Win32
		{F53659C6-C338-4092-B0BD-C74DEA5F7EC8}.Debug|x86.Build.0 = Debug|Win32
		{F53659C6-C338-4092-B0BD-C74DEA5F7EC8}.Release|x64.ActiveCfg = Release|x64
		{F53659C6-C338-4092-B0BD-C74DEA5F7EC8}.Release|x64.Build.0 = Release|x64
		{F53659C6-C338-4092-B0BD-C74DEA5F7EC8}.Release|x86.ActiveCfg = Release|Win32
		{F53659C6-C338-4092-B0BD-C74DEA5F7EC8}.Release|x86.Build.0 = Release|Win32
		{2ED2ED8D-0295-4FBB-B16C-B6D78BE7B0EC}.Debug|x64.ActiveCfg = Debug|x64
		{2ED2ED8D-0295-4FBB-B16C-B6D78BE7B0EC}.Debug|x64.Build.0 = Debug|x64
		{2ED2ED8D-0295-4FBB-B16C-B6D78BE7B0EC}.Debug|x86.ActiveCfg = Debug|Win32
		{2ED2ED8D-0295-4FBB-B16C-B6D78BE7B0EC}.Debug|x86.Build.0 = Debug|Win32
		{2ED2ED8D-0295-4FBB-B16C-B6D78BE7B0EC}.Release|x64.ActiveCfg = Release|x64
		{2ED2ED8D-0295-4FBB-B16C-B6D78BE7B0EC}.Release|x64.Build.0 = Release|x64
		{2ED2ED8D-0295-4FBB-B16C-B6D78BE7B0EC}.Release|x86.ActiveCfg = Release|Win32
		{2ED2ED8D-0295-4FBB-B16C-B6D78BE7B0EC}.Release|x86.Build.0 = Release|Win32
		{F01786FF-AB60-4AC0-AEF2-8193FA641527}.Debug|x64.ActiveCfg = Debug|x64
		{F01786FF-AB60-4AC0-AEF2-8193FA641527}.Debug|x64.Build.0 = Debug|x64
		{F01786FF-AB60-4AC0-AEF2-8193FA641527}.Debug|x86.ActiveCfg = Debug|Win32
		{F01786FF-AB60-4AC0-AEF2-8193FA641527}.Debug|x86.Build.0 = Debug|Win32
		{F01786FF-AB60-4AC0-AEF2-8193FA641527}.Release|x64.ActiveCfg = Release|x64
		{F01786FF-AB60-4AC0-AEF2-8193FA641527}.Release|x64.Build.0 = Release|x64
		{F01786FF-AB60-4AC0-AEF2-8193FA641527}.Release|x86.ActiveCfg = Release|Win32
		{F01786FF-AB60-4AC0-AEF2-8193FA641527}.Release|x86.Build.0 = Release|Win32
		{ABC9EA20-7B4D-41BE-A420-C4056142F1D8}.Debug|x64.ActiveCfg = Debug|x64
		{ABC9EA20-7B4D-41BE-A420-C4056142F1D8}.Debug|x64.Build.0 = Debug|x64
		{ABC9EA20-7B4D-41BE-A420-C4056142F1D8}.Debug|x86.ActiveCfg = Debug|Win32
		{ABC9EA20-7B4D-41BE-A420-C4056142F1D8}.Debug|x86.Build.0 = Debug|Win32
		{ABC9EA20-7B4D-41BE-A420-C4056142F1D8}.Release|x64.ActiveCfg = Release|x64
		{ABC9EA20-7B4D-41BE-A420-C4056142F1D8}.Release|x64.Build.0 = Release|x64
		{ABC9EA20-7B4D-41BE-A420-C4056142F1D8}.Release|x86.ActiveCfg = Release|Win32
		{ABC9EA20-7B4D-41BE-A420-C4056142F1D8}.Release|x86.Build.0 = Release|Win32
		{C22B7D67-2EF3-4E33-8BD8-544503F3C0E0}.Debug|x64.ActiveCfg = Debug|x64
		{C22B7D67-2EF3-4E33-8BD8-544503F3C0E0}.Debug|x64.Build.0 = Debug|x64
		{C22B7D67-2EF3-4E33-8BD8-544503F3C0E0}.Debug|x86.ActiveCfg = Debug|Win32
		{C22B7D67-2EF3-4E33-8BD8-544503F3C0E0}.Debug|x86.Build.0 = Debug|Win32
		{C22B7D67-2EF3-4E33-8BD8-544503F3C0E0}.Release|x64.ActiveCfg = Release|x64
		{C22B7D67-2EF3-4E33-8BD8-544503F3C0E0}.Release|x64.Build.0 = Release|x64
		{C22B7D67-2EF3-4E33-8BD8-544503F3C0E0}.Release|x86.ActiveCfg = Release|Win32
		{C22B7D67-2EF3-4E33-8BD8-544503F3C0E0}.Release|x86.Build.0 = Release|Win32
		{382D0E2E-2FA0-4C00-96FB-55E062719C13}.Debug|x64.ActiveCfg = Debug|x64
		{382D0E2E-2FA0-4C00-96FB-55E062719C13}.Debug|x64.Build.0 = Debug|x64
		{382D0E2E-2FA0-4C00-96FB-55E062719C13}.Debug|x86.ActiveCfg = Debug|Win32
		{382D0E2E-2FA0-4C00-96FB-55E062719C13}.Debug|x86.Build.0 = Debug|Win32
		{382D0E2E-2FA0-4C00-96FB-55E062719C13}.Release|x64.ActiveCfg = Release|x64
		{382D0E2E-2FA0-4C00-96FB-55E062719C13}.Release|x64.Build.0 = Release|x64
		{382D0E2E-2FA0-4C00-96FB-55E062719C13}.Release|x86.ActiveCfg = Release|Win32
		{382D0E2E-2FA0-4C00-96FB-55E062719C13}.Release|x86.Build.0 = Release|Win32
		{190EEFC8-049B-48DF-9FF4-ACD97F47CBB9}.Debug|x64.ActiveCfg = Debug|x64
		{190EEFC8-049B-48DF-9FF4-ACD97F47CBB9}.Debug|x64.Build.0 = Debug|x64
		{190EEFC8-049B-48DF-9FF4-ACD97F47CBB9}.Debug|x86.ActiveCfg = Debug|Win32
		{190EEFC8-049B-48DF-9FF4-ACD97F47CBB9}.Debug|x86.Build.0 = Debug|Win32
		{190EEFC8-049B-48DF-9FF4-ACD97F47CBB9}.Release|x64.ActiveCfg = Release|x64
		{190EEFC8-049B-48DF-9FF4-ACD97F47CBB9}.Release|x64.Build.0 = Release|x64
		{190EEFC8-049B-48DF-9FF4-ACD97F47CBB9}.Release|x86.ActiveCfg = Release|Win32
		{190EEFC8-049B-48DF-9FF4-ACD97F47CBB9}.Release|x86.Build.0 = Release|Win32
		{B12D49BE-140E-4F0E-84F4-1FEF787CBB07}.Debug|x64.ActiveCfg = Debug|x64
		{B12D49BE-140E-4F0E-84F4-1FEF787CBB07}.Debug|x64.Build.0 = Debug|x64
		{B12D49BE-140E-4F0E-84F4-1FEF787CBB07}.Debug|x86.ActiveCfg = Debug|Win32
		{B12D49BE-140E-4F0E-84F4-1FEF787CBB07}.Debug|x86.Build.0 = Debug|Win32
		{B12D49BE-140E-4F0E-84F4-1FEF787CBB07}.Release|x64.ActiveCfg = Release|x64
		{B12D49BE-140E-4F0E-84F4-1FEF787CBB07}.Release|x64.Build.0 = Release|x64
		{B12D49BE-140E-4F0E-84F4-1FEF787CBB07}.Release|x86.ActiveCfg = Release|Win32
		{B12D49BE-140E-4F0E-84F4-1FEF787CBB07}.Release|x86.Build.0 = Release|Win32
		{B33655FB-A733-4A0F-B4F2-E28918761BF3}.Debug|x64.ActiveCfg = Debug|x64
		{B33655FB-A733-4A0F-B4F2-E28918761BF3}.Debug|x64.Build.0 = Debug|x64
		{B33655FB-A733-4A0F-B4F2-E28918761BF3}.Debug|x86.ActiveCfg = Debug|Win32
		{B33655FB-A733-4A0F-B4F2-E28918761BF3}.Debug|x86.Build.0 = Debug|Win32
		{B33655FB-A733-4A0F-B4F2-E28918761BF3}.Release|x64.ActiveCfg = Release|x64
		{B33655FB-A733-4A0F-B4F2-E28918761BF3}.Release|x64.Build.0 = Release|x64
		{B33655FB-A733-4A0F-B4F2-E28918761BF3}.Release|x86.ActiveCfg = Release|Win32
		{B33655FB-A733-4A0F-B4F2-E28918761BF3}.Release|x86.Build.0 = Release|Win32
		{C681C584-86E9-4135-BE9C-4EC9EC658AD8}.Debug|x64.ActiveCfg = Debug|x64
		{C681C584-86E9-4135-BE9C-4EC9EC658AD8}.Debug|x64.Build.0 = Debug|x64
		{C681C584-86E9-4135-BE9C-4EC9EC658AD8}.Debug|x86.ActiveCfg = Debug|Win32
		{C681C584-86E9-4135-BE9C-4EC9EC658AD8}.Debug|x86.Build.0 = Debug|Win32
		{C681C584-86E9-4135-BE9C-4EC9EC658AD8}.Release|x64.ActiveCfg = Release|x64
		{C681C584-86E9-4135-BE9C-4EC9EC658AD8}.Release|x64.Build.0 = Release|x64
		{C681C584-86E9-4135-BE9C-4EC9EC658AD8}.Release|x86.ActiveCfg = Release|Win32
		{C681C584-86E9-4135-BE9C-4EC9EC658AD8}.Release|x86.Build.0 = Release|Win32
		{75D102A0-0B4C-4DCD-8026-E5F6A19D265C}.Debug|x64.ActiveCfg = Debug|x64
		{75D102A0-0B4C-4DCD-8026-E5F6A19D265C}.Debug|x64.Build.0 = Debug|x64
		{75D102A0-0B4C-4DCD-8026-E5F6A19D265C}.Debug|x86.ActiveCfg = Debug|Win32
		{75D102A0-0B4C-4DCD-8026-E5F6A19D265C}.Debug|x86.Build.0 = Debug|Win32
		{75D102A0-0B4C-4DCD-8026-E5F6A19D265C}.Release|x64.ActiveCfg = Release|x64
		{75D102A0-0B4C-4DCD-8026-E5F6A19D265C}.Release|x64.Build.0 = Release|x64
		{75D102A0-0B4C-4DCD-8026-E5F6A19D265C}.Release|x86.ActiveCfg = Release|Win32
		{75D102A0-0B4C-4DCD-8026-E5F6A19D265C}.Release|x86.Build.0 = Release|Win32
		{9E6EC085-D975-49BF-B11E-F459E927B57D}.Debug|x64.ActiveCfg = Debug|x64
		{9E6EC085-D975-49BF-B11E-F459E927B57D}.Debug|x64.Build.0 = Debug|x64
		{9E6EC085-D975-49BF-B11E-F459E927B57D}.Debug|x86.ActiveCfg = Debug|Win32
		{9E6EC085-D975-49BF-B11E-F459E927B57D}.Debug|x86.Build.0 = Debug|Win32
		{9E6EC085-D975-49BF-B11E-F459E927B57D}.Release|x64.ActiveCfg = Release|x64
		{9E6EC085-D975-49BF-B11E-F459E927B57D}.Release|x64.Build.0 = Release|x64
		{9E6EC085-D975-49BF-B11E-F459E927B57D}.Release|x86.ActiveCfg = Release|Win32
		{9E6EC085-D975-49BF-B11E-F459E927B57D}.Release|x86.Build.0 = Release|Win32
		{F92EC54E-2C33-4B14-B44E-10383EB028C5}.Debug|x64.ActiveCfg = Debug|x64
		{F92EC54E-2C33-4B14-B44E-10383EB028C5}.Debug|x64.Build.0 = Debug|x64
		{F92EC54E-2C33-4B14-B44E-10383EB028C5}.Debug|x86.ActiveCfg = Debug|Win32
		{F92EC54E-2C33-4B14-B44E-10383EB028C5}.Debug|x86.Build.0 = Debug|Win32
		{F92EC54E-2C33-4B14-B44E-10383EB028C5}.Release|x64.ActiveCfg = Release|x64
		{F92EC54E-2C33-4B14-B44E-10383EB028C5}.Release|x64.Build.0 = Release|x64
		{F92EC54E-2C33-4B14-B44E-10383EB028C5}.Release|x86.ActiveCfg = Release|Win32
		{F92EC54E-2C33-4B14-B44E-10383EB028C5}.Release|x86.Build.0 = Release|Win32
		{DE952B17-FA44-414F-AE6F-0E29B56215F2}.Debug|x64.ActiveCfg = Debug|x64
		{DE952B17-FA44-414F-AE6F-0E29B56215F2}.Debug|x64.Build.0 = Debug|x64
		{DE952B17-FA44-414F-AE6F-0E29B56215F2}.Debug|x86.ActiveCfg = Debug|Win32
		{DE952B17-FA44-414F-AE6F-0E29B56215F2}.Debug|x86.Build.0 = Debug|Win32
		{DE952B17-FA44-414F-AE6F-0E29B56215F2}.Release|x64.ActiveCfg = Release|x64
		{DE952B17-FA44-414F-AE6F-0E29B56215F2}.Release|x64.Build.0 = Release|x64
		{DE952B17-FA44-414F-AE6F-0E29B56215F2}.Release|x86.ActiveCfg = Release|Win32
		{DE952B17-FA44-414F-AE6F-0E29B56215F2}.Release|x86.Build.0 = Release|Win32
		{A8D9E613-E464-4F47-9E1E-3D771B1BE499}.Debug|x64.ActiveCfg = Debug|x64
		{A8D9E613-E464-4F47-9E1E-3D771B1BE499}.Debug|x64.Build.0 = Debug|x64
		{A8D9E613-E464-4F47-9E1E-3D771B1BE499}.Debug|x86.ActiveCfg = Debug|Win32
		{A8D9E613-E464-4F47-9E1E-3D771B1BE499}.Debug|x86.Build.0 = Debug|Win32
		{A8D9E613-E464-4F47-9E1E-3D771B1BE499}.Release|x64.ActiveCfg = Release|x64
		{A8D9E613-E464-4F47-9E1E-3D771B1BE499}.Release|x64.Build.0 = Release|x64
		{A8D9E613-E464-4F47-9E1E-3D771B1BE499}.Release|x86.ActiveCfg = Release|Win32
		{A8D9E613-E464-4F47-9E1E-3D771B1BE499}.Release|x86.Build.0 = Release|Win32
		{B3D93974-9097-49BF-9E70-BDE3BC5FC177}.Debug|x64.ActiveCfg = Debug|x64
		{B3D93974-9097-49BF-9E70-BDE3BC5FC177}.Debug|x64.Build.0 = Debug|x64
		{B3D93974-9097-49BF-9E70-BDE3BC5FC177}.Debug|x86.ActiveCfg = Debug|Win32
		{B3D93974-9097-49BF-9E70-BDE3BC5FC177}.Debug|x86.Build.0 = Debug|Win32
		{B3D93974-9097-49BF-9E70-BDE3BC5FC177}.Release|x64.ActiveCfg = Release|x64
		{B3D93974-9097-49BF-9E70-BDE3BC5FC177}.Release|x64.Build.0 = Release|x64
		{B3D93974-9097-49BF-9E70-BDE3BC5FC177}.Release|x86.ActiveCfg = Release|Win32
		{B3D93974-9097-49BF-9E70-BDE3BC5FC177}.Release|x86.Build.0 = Release|Win32
	EndGlobalSection
	GlobalSection(SolutionProperties) = preSolution
		HideSolutionNode = FALSE
	EndGlobalSection
	GlobalSection(ExtensibilityGlobals) = postSolution
		SolutionGuid = {49991F7B-F845-432A-998E-72B9B18BDB29}
	EndGlobalSection
EndGlobal
