
Microsoft Visual Studio Solution File, Format Version 12.00
# Visual Studio Version 17
VisualStudioVersion = 17.13.35828.75
MinimumVisualStudioVersion = 10.0.40219.1
Project("{8BC9CEB8-8B4A-11D0-8D11-00A0C91BC942}") = "10-1", "10-1\10-1.vcxproj", "{74046670-A852-4D4A-944E-FA0587BFCCC0}"
EndProject
Project("{8BC9CEB8-8B4A-11D0-8D11-00A0C91BC942}") = "10-3", "10-3\10-3.vcxproj", "{B4F6C369-776B-4505-83F8-7130CBB1C511}"
EndProject
Project("{8BC9CEB8-8B4A-11D0-8D11-00A0C91BC942}") = "10-5", "10-5\10-5.vcxproj", "{0EF33384-505B-4AC3-AD5B-8AF5E9196A1C}"
EndProject
Project("{8BC9CEB8-8B4A-11D0-8D11-00A0C91BC942}") = "10-7", "10-7\10-7.vcxproj", "{5913A4BE-42B3-45A7-A52B-D1AE1897FBD9}"
EndProject
Project("{8BC9CEB8-8B4A-11D0-8D11-00A0C91BC942}") = "10-9", "10-9\10-9.vcxproj", "{40F0438F-7466-40AA-B271-E469CF480ED0}"
EndProject
Project("{8BC9CEB8-8B4A-11D0-8D11-00A0C91BC942}") = "10-11", "10-11\10-11.vcxproj", "{496BA8AF-7D4A-46F5-9D58-AB74A0D09481}"
EndProject
Project("{8BC9CEB8-8B4A-11D0-8D11-00A0C91BC942}") = "10-13", "10-13\10-13.vcxproj", "{E262AECB-638F-46C9-BF6A-895764C8BA17}"
EndProject
Project("{8BC9CEB8-8B4A-11D0-8D11-00A0C91BC942}") = "10-15", "10-15\10-15.vcxproj", "{A994E5C6-7FA5-4238-9C3F-C24B2832FC0F}"
EndProject
Global
	GlobalSection(SolutionConfigurationPlatforms) = preSolution
		Debug|x64 = Debug|x64
		Debug|x86 = Debug|x86
		Release|x64 = Release|x64
		Release|x86 = Release|x86
	EndGlobalSection
	GlobalSection(ProjectConfigurationPlatforms) = postSolution
		{74046670-A852-4D4A-944E-FA0587BFCCC0}.Debug|x64.ActiveCfg = Debug|x64
		{74046670-A852-4D4A-944E-FA0587BFCCC0}.Debug|x64.Build.0 = Debug|x64
		{74046670-A852-4D4A-944E-FA0587BFCCC0}.Debug|x86.ActiveCfg = Debug|Win32
		{74046670-A852-4D4A-944E-FA0587BFCCC0}.Debug|x86.Build.0 = Debug|Win32
		{74046670-A852-4D4A-944E-FA0587BFCCC0}.Release|x64.ActiveCfg = Release|x64
		{74046670-A852-4D4A-944E-FA0587BFCCC0}.Release|x64.Build.0 = Release|x64
		{74046670-A852-4D4A-944E-FA0587BFCCC0}.Release|x86.ActiveCfg = Release|Win32
		{74046670-A852-4D4A-944E-FA0587BFCCC0}.Release|x86.Build.0 = Release|Win32
		{B4F6C369-776B-4505-83F8-7130CBB1C511}.Debug|x64.ActiveCfg = Debug|x64
		{B4F6C369-776B-4505-83F8-7130CBB1C511}.Debug|x64.Build.0 = Debug|x64
		{B4F6C369-776B-4505-83F8-7130CBB1C511}.Debug|x86.ActiveCfg = Debug|Win32
		{B4F6C369-776B-4505-83F8-7130CBB1C511}.Debug|x86.Build.0 = Debug|Win32
		{B4F6C369-776B-4505-83F8-7130CBB1C511}.Release|x64.ActiveCfg = Release|x64
		{B4F6C369-776B-4505-83F8-7130CBB1C511}.Release|x64.Build.0 = Release|x64
		{B4F6C369-776B-4505-83F8-7130CBB1C511}.Release|x86.ActiveCfg = Release|Win32
		{B4F6C369-776B-4505-83F8-7130CBB1C511}.Release|x86.Build.0 = Release|Win32
		{0EF33384-505B-4AC3-AD5B-8AF5E9196A1C}.Debug|x64.ActiveCfg = Debug|x64
		{0EF33384-505B-4AC3-AD5B-8AF5E9196A1C}.Debug|x64.Build.0 = Debug|x64
		{0EF33384-505B-4AC3-AD5B-8AF5E9196A1C}.Debug|x86.ActiveCfg = Debug|Win32
		{0EF33384-505B-4AC3-AD5B-8AF5E9196A1C}.Debug|x86.Build.0 = Debug|Win32
		{0EF33384-505B-4AC3-AD5B-8AF5E9196A1C}.Release|x64.ActiveCfg = Release|x64
		{0EF33384-505B-4AC3-AD5B-8AF5E9196A1C}.Release|x64.Build.0 = Release|x64
		{0EF33384-505B-4AC3-AD5B-8AF5E9196A1C}.Release|x86.ActiveCfg = Release|Win32
		{0EF33384-505B-4AC3-AD5B-8AF5E9196A1C}.Release|x86.Build.0 = Release|Win32
		{5913A4BE-42B3-45A7-A52B-D1AE1897FBD9}.Debug|x64.ActiveCfg = Debug|x64
		{5913A4BE-42B3-45A7-A52B-D1AE1897FBD9}.Debug|x64.Build.0 = Debug|x64
		{5913A4BE-42B3-45A7-A52B-D1AE1897FBD9}.Debug|x86.ActiveCfg = Debug|Win32
		{5913A4BE-42B3-45A7-A52B-D1AE1897FBD9}.Debug|x86.Build.0 = Debug|Win32
		{5913A4BE-42B3-45A7-A52B-D1AE1897FBD9}.Release|x64.ActiveCfg = Release|x64
		{5913A4BE-42B3-45A7-A52B-D1AE1897FBD9}.Release|x64.Build.0 = Release|x64
		{5913A4BE-42B3-45A7-A52B-D1AE1897FBD9}.Release|x86.ActiveCfg = Release|Win32
		{5913A4BE-42B3-45A7-A52B-D1AE1897FBD9}.Release|x86.Build.0 = Release|Win32
		{40F0438F-7466-40AA-B271-E469CF480ED0}.Debug|x64.ActiveCfg = Debug|x64
		{40F0438F-7466-40AA-B271-E469CF480ED0}.Debug|x64.Build.0 = Debug|x64
		{40F0438F-7466-40AA-B271-E469CF480ED0}.Debug|x86.ActiveCfg = Debug|Win32
		{40F0438F-7466-40AA-B271-E469CF480ED0}.Debug|x86.Build.0 = Debug|Win32
		{40F0438F-7466-40AA-B271-E469CF480ED0}.Release|x64.ActiveCfg = Release|x64
		{40F0438F-7466-40AA-B271-E469CF480ED0}.Release|x64.Build.0 = Release|x64
		{40F0438F-7466-40AA-B271-E469CF480ED0}.Release|x86.ActiveCfg = Release|Win32
		{40F0438F-7466-40AA-B271-E469CF480ED0}.Release|x86.Build.0 = Release|Win32
		{496BA8AF-7D4A-46F5-9D58-AB74A0D09481}.Debug|x64.ActiveCfg = Debug|x64
		{496BA8AF-7D4A-46F5-9D58-AB74A0D09481}.Debug|x64.Build.0 = Debug|x64
		{496BA8AF-7D4A-46F5-9D58-AB74A0D09481}.Debug|x86.ActiveCfg = Debug|Win32
		{496BA8AF-7D4A-46F5-9D58-AB74A0D09481}.Debug|x86.Build.0 = Debug|Win32
		{496BA8AF-7D4A-46F5-9D58-AB74A0D09481}.Release|x64.ActiveCfg = Release|x64
		{496BA8AF-7D4A-46F5-9D58-AB74A0D09481}.Release|x64.Build.0 = Release|x64
		{496BA8AF-7D4A-46F5-9D58-AB74A0D09481}.Release|x86.ActiveCfg = Release|Win32
		{496BA8AF-7D4A-46F5-9D58-AB74A0D09481}.Release|x86.Build.0 = Release|Win32
		{E262AECB-638F-46C9-BF6A-895764C8BA17}.Debug|x64.ActiveCfg = Debug|x64
		{E262AECB-638F-46C9-BF6A-895764C8BA17}.Debug|x64.Build.0 = Debug|x64
		{E262AECB-638F-46C9-BF6A-895764C8BA17}.Debug|x86.ActiveCfg = Debug|Win32
		{E262AECB-638F-46C9-BF6A-895764C8BA17}.Debug|x86.Build.0 = Debug|Win32
		{E262AECB-638F-46C9-BF6A-895764C8BA17}.Release|x64.ActiveCfg = Release|x64
		{E262AECB-638F-46C9-BF6A-895764C8BA17}.Release|x64.Build.0 = Release|x64
		{E262AECB-638F-46C9-BF6A-895764C8BA17}.Release|x86.ActiveCfg = Release|Win32
		{E262AECB-638F-46C9-BF6A-895764C8BA17}.Release|x86.Build.0 = Release|Win32
		{A994E5C6-7FA5-4238-9C3F-C24B2832FC0F}.Debug|x64.ActiveCfg = Debug|x64
		{A994E5C6-7FA5-4238-9C3F-C24B2832FC0F}.Debug|x64.Build.0 = Debug|x64
		{A994E5C6-7FA5-4238-9C3F-C24B2832FC0F}.Debug|x86.ActiveCfg = Debug|Win32
		{A994E5C6-7FA5-4238-9C3F-C24B2832FC0F}.Debug|x86.Build.0 = Debug|Win32
		{A994E5C6-7FA5-4238-9C3F-C24B2832FC0F}.Release|x64.ActiveCfg = Release|x64
		{A994E5C6-7FA5-4238-9C3F-C24B2832FC0F}.Release|x64.Build.0 = Release|x64
		{A994E5C6-7FA5-4238-9C3F-C24B2832FC0F}.Release|x86.ActiveCfg = Release|Win32
		{A994E5C6-7FA5-4238-9C3F-C24B2832FC0F}.Release|x86.Build.0 = Release|Win32
	EndGlobalSection
	GlobalSection(SolutionProperties) = preSolution
		HideSolutionNode = FALSE
	EndGlobalSection
	GlobalSection(ExtensibilityGlobals) = postSolution
		SolutionGuid = {3B7690F4-3366-41C9-AF74-CAA4ACDCB9CA}
	EndGlobalSection
EndGlobal
