
Microsoft Visual Studio Solution File, Format Version 12.00
# Visual Studio Version 17
VisualStudioVersion = 17.13.35828.75
MinimumVisualStudioVersion = 10.0.40219.1
Project("{8BC9CEB8-8B4A-11D0-8D11-00A0C91BC942}") = "Project7", "Project7\Project7.vcxproj", "{1CDEB5AF-05D8-487E-8282-B0AEB96482EB}"
EndProject
Project("{8BC9CEB8-8B4A-11D0-8D11-00A0C91BC942}") = "7-1-2", "7-1-2\7-1-2.vcxproj", "{08B92BB1-33B7-445F-9BC0-A9FC8E1AD240}"
EndProject
Project("{8BC9CEB8-8B4A-11D0-8D11-00A0C91BC942}") = "7-3", "7-3\7-3.vcxproj", "{79B623BA-E445-48D3-BC9A-C053CBED9C4C}"
EndProject
Project("{8BC9CEB8-8B4A-11D0-8D11-00A0C91BC942}") = "7-5", "7-5\7-5.vcxproj", "{EF156F2A-92DF-45C2-8188-AB72D5BF4253}"
EndProject
Project("{8BC9CEB8-8B4A-11D0-8D11-00A0C91BC942}") = "7-5-2", "7-5-2\7-5-2.vcxproj", "{20C8AD1D-4BC2-4991-8C36-C51AD258FB65}"
EndProject
Project("{8BC9CEB8-8B4A-11D0-8D11-00A0C91BC942}") = "7-7", "7-7\7-7.vcxproj", "{2DEDA6FB-7CF7-4F1E-B417-EEF80CCA383C}"
EndProject
Project("{8BC9CEB8-8B4A-11D0-8D11-00A0C91BC942}") = "7-7-2", "7-7-2\7-7-2.vcxproj", "{AD7E02FB-50BC-44BA-98DB-753A91638E54}"
EndProject
Project("{8BC9CEB8-8B4A-11D0-8D11-00A0C91BC942}") = "7-9", "7-9\7-9.vcxproj", "{870AA793-11DD-45FA-9DD3-7BBFA96FB3EA}"
EndProject
Project("{8BC9CEB8-8B4A-11D0-8D11-00A0C91BC942}") = "7-11", "7-11\7-11.vcxproj", "{216362FC-5F8C-4348-8A10-7EFF8800888B}"
EndProject
Global
	GlobalSection(SolutionConfigurationPlatforms) = preSolution
		Debug|x64 = Debug|x64
		Debug|x86 = Debug|x86
		Release|x64 = Release|x64
		Release|x86 = Release|x86
	EndGlobalSection
	GlobalSection(ProjectConfigurationPlatforms) = postSolution
		{1CDEB5AF-05D8-487E-8282-B0AEB96482EB}.Debug|x64.ActiveCfg = Debug|x64
		{1CDEB5AF-05D8-487E-8282-B0AEB96482EB}.Debug|x64.Build.0 = Debug|x64
		{1CDEB5AF-05D8-487E-8282-B0AEB96482EB}.Debug|x86.ActiveCfg = Debug|Win32
		{1CDEB5AF-05D8-487E-8282-B0AEB96482EB}.Debug|x86.Build.0 = Debug|Win32
		{1CDEB5AF-05D8-487E-8282-B0AEB96482EB}.Release|x64.ActiveCfg = Release|x64
		{1CDEB5AF-05D8-487E-8282-B0AEB96482EB}.Release|x64.Build.0 = Release|x64
		{1CDEB5AF-05D8-487E-8282-B0AEB96482EB}.Release|x86.ActiveCfg = Release|Win32
		{1CDEB5AF-05D8-487E-8282-B0AEB96482EB}.Release|x86.Build.0 = Release|Win32
		{08B92BB1-33B7-445F-9BC0-A9FC8E1AD240}.Debug|x64.ActiveCfg = Debug|x64
		{08B92BB1-33B7-445F-9BC0-A9FC8E1AD240}.Debug|x64.Build.0 = Debug|x64
		{08B92BB1-33B7-445F-9BC0-A9FC8E1AD240}.Debug|x86.ActiveCfg = Debug|Win32
		{08B92BB1-33B7-445F-9BC0-A9FC8E1AD240}.Debug|x86.Build.0 = Debug|Win32
		{08B92BB1-33B7-445F-9BC0-A9FC8E1AD240}.Release|x64.ActiveCfg = Release|x64
		{08B92BB1-33B7-445F-9BC0-A9FC8E1AD240}.Release|x64.Build.0 = Release|x64
		{08B92BB1-33B7-445F-9BC0-A9FC8E1AD240}.Release|x86.ActiveCfg = Release|Win32
		{08B92BB1-33B7-445F-9BC0-A9FC8E1AD240}.Release|x86.Build.0 = Release|Win32
		{79B623BA-E445-48D3-BC9A-C053CBED9C4C}.Debug|x64.ActiveCfg = Debug|x64
		{79B623BA-E445-48D3-BC9A-C053CBED9C4C}.Debug|x64.Build.0 = Debug|x64
		{79B623BA-E445-48D3-BC9A-C053CBED9C4C}.Debug|x86.ActiveCfg = Debug|Win32
		{79B623BA-E445-48D3-BC9A-C053CBED9C4C}.Debug|x86.Build.0 = Debug|Win32
		{79B623BA-E445-48D3-BC9A-C053CBED9C4C}.Release|x64.ActiveCfg = Release|x64
		{79B623BA-E445-48D3-BC9A-C053CBED9C4C}.Release|x64.Build.0 = Release|x64
		{79B623BA-E445-48D3-BC9A-C053CBED9C4C}.Release|x86.ActiveCfg = Release|Win32
		{79B623BA-E445-48D3-BC9A-C053CBED9C4C}.Release|x86.Build.0 = Release|Win32
		{EF156F2A-92DF-45C2-8188-AB72D5BF4253}.Debug|x64.ActiveCfg = Debug|x64
		{EF156F2A-92DF-45C2-8188-AB72D5BF4253}.Debug|x64.Build.0 = Debug|x64
		{EF156F2A-92DF-45C2-8188-AB72D5BF4253}.Debug|x86.ActiveCfg = Debug|Win32
		{EF156F2A-92DF-45C2-8188-AB72D5BF4253}.Debug|x86.Build.0 = Debug|Win32
		{EF156F2A-92DF-45C2-8188-AB72D5BF4253}.Release|x64.ActiveCfg = Release|x64
		{EF156F2A-92DF-45C2-8188-AB72D5BF4253}.Release|x64.Build.0 = Release|x64
		{EF156F2A-92DF-45C2-8188-AB72D5BF4253}.Release|x86.ActiveCfg = Release|Win32
		{EF156F2A-92DF-45C2-8188-AB72D5BF4253}.Release|x86.Build.0 = Release|Win32
		{20C8AD1D-4BC2-4991-8C36-C51AD258FB65}.Debug|x64.ActiveCfg = Debug|x64
		{20C8AD1D-4BC2-4991-8C36-C51AD258FB65}.Debug|x64.Build.0 = Debug|x64
		{20C8AD1D-4BC2-4991-8C36-C51AD258FB65}.Debug|x86.ActiveCfg = Debug|Win32
		{20C8AD1D-4BC2-4991-8C36-C51AD258FB65}.Debug|x86.Build.0 = Debug|Win32
		{20C8AD1D-4BC2-4991-8C36-C51AD258FB65}.Release|x64.ActiveCfg = Release|x64
		{20C8AD1D-4BC2-4991-8C36-C51AD258FB65}.Release|x64.Build.0 = Release|x64
		{20C8AD1D-4BC2-4991-8C36-C51AD258FB65}.Release|x86.ActiveCfg = Release|Win32
		{20C8AD1D-4BC2-4991-8C36-C51AD258FB65}.Release|x86.Build.0 = Release|Win32
		{2DEDA6FB-7CF7-4F1E-B417-EEF80CCA383C}.Debug|x64.ActiveCfg = Debug|x64
		{2DEDA6FB-7CF7-4F1E-B417-EEF80CCA383C}.Debug|x64.Build.0 = Debug|x64
		{2DEDA6FB-7CF7-4F1E-B417-EEF80CCA383C}.Debug|x86.ActiveCfg = Debug|Win32
		{2DEDA6FB-7CF7-4F1E-B417-EEF80CCA383C}.Debug|x86.Build.0 = Debug|Win32
		{2DEDA6FB-7CF7-4F1E-B417-EEF80CCA383C}.Release|x64.ActiveCfg = Release|x64
		{2DEDA6FB-7CF7-4F1E-B417-EEF80CCA383C}.Release|x64.Build.0 = Release|x64
		{2DEDA6FB-7CF7-4F1E-B417-EEF80CCA383C}.Release|x86.ActiveCfg = Release|Win32
		{2DEDA6FB-7CF7-4F1E-B417-EEF80CCA383C}.Release|x86.Build.0 = Release|Win32
		{AD7E02FB-50BC-44BA-98DB-753A91638E54}.Debug|x64.ActiveCfg = Debug|x64
		{AD7E02FB-50BC-44BA-98DB-753A91638E54}.Debug|x64.Build.0 = Debug|x64
		{AD7E02FB-50BC-44BA-98DB-753A91638E54}.Debug|x86.ActiveCfg = Debug|Win32
		{AD7E02FB-50BC-44BA-98DB-753A91638E54}.Debug|x86.Build.0 = Debug|Win32
		{AD7E02FB-50BC-44BA-98DB-753A91638E54}.Release|x64.ActiveCfg = Release|x64
		{AD7E02FB-50BC-44BA-98DB-753A91638E54}.Release|x64.Build.0 = Release|x64
		{AD7E02FB-50BC-44BA-98DB-753A91638E54}.Release|x86.ActiveCfg = Release|Win32
		{AD7E02FB-50BC-44BA-98DB-753A91638E54}.Release|x86.Build.0 = Release|Win32
		{870AA793-11DD-45FA-9DD3-7BBFA96FB3EA}.Debug|x64.ActiveCfg = Debug|x64
		{870AA793-11DD-45FA-9DD3-7BBFA96FB3EA}.Debug|x64.Build.0 = Debug|x64
		{870AA793-11DD-45FA-9DD3-7BBFA96FB3EA}.Debug|x86.ActiveCfg = Debug|Win32
		{870AA793-11DD-45FA-9DD3-7BBFA96FB3EA}.Debug|x86.Build.0 = Debug|Win32
		{870AA793-11DD-45FA-9DD3-7BBFA96FB3EA}.Release|x64.ActiveCfg = Release|x64
		{870AA793-11DD-45FA-9DD3-7BBFA96FB3EA}.Release|x64.Build.0 = Release|x64
		{870AA793-11DD-45FA-9DD3-7BBFA96FB3EA}.Release|x86.ActiveCfg = Release|Win32
		{870AA793-11DD-45FA-9DD3-7BBFA96FB3EA}.Release|x86.Build.0 = Release|Win32
		{216362FC-5F8C-4348-8A10-7EFF8800888B}.Debug|x64.ActiveCfg = Debug|x64
		{216362FC-5F8C-4348-8A10-7EFF8800888B}.Debug|x64.Build.0 = Debug|x64
		{216362FC-5F8C-4348-8A10-7EFF8800888B}.Debug|x86.ActiveCfg = Debug|Win32
		{216362FC-5F8C-4348-8A10-7EFF8800888B}.Debug|x86.Build.0 = Debug|Win32
		{216362FC-5F8C-4348-8A10-7EFF8800888B}.Release|x64.ActiveCfg = Release|x64
		{216362FC-5F8C-4348-8A10-7EFF8800888B}.Release|x64.Build.0 = Release|x64
		{216362FC-5F8C-4348-8A10-7EFF8800888B}.Release|x86.ActiveCfg = Release|Win32
		{216362FC-5F8C-4348-8A10-7EFF8800888B}.Release|x86.Build.0 = Release|Win32
	EndGlobalSection
	GlobalSection(SolutionProperties) = preSolution
		HideSolutionNode = FALSE
	EndGlobalSection
	GlobalSection(ExtensibilityGlobals) = postSolution
		SolutionGuid = {B8B4AB19-27B8-4838-8FB1-38AB74019EB4}
	EndGlobalSection
EndGlobal
